
Microsoft Visual Studio Solution File, Format Version 12.00
# Visual Studio Version 17
VisualStudioVersion = 17.6.33801.468
MinimumVisualStudioVersion = 10.0.40219.1
Project("{2150E333-8FDC-42A3-9474-1A3956D46DE8}") = "Application", "Application", "{E2768893-F252-41C4-90DF-FCAB401ADA53}"
EndProject
Project("{2150E333-8FDC-42A3-9474-1A3956D46DE8}") = "Pattern", "Pattern", "{32BFDC52-BC65-4207-A5B4-DE3894C82590}"
EndProject
Project("{2150E333-8FDC-42A3-9474-1A3956D46DE8}") = "Data", "Data", "{99794309-A8B3-496B-8EE6-95F489AE990D}"
EndProject
Project("{2150E333-8FDC-42A3-9474-1A3956D46DE8}") = "TransversalCon", "TransversalCon", "{7D772BBD-B2CE-4013-96C9-D28B3E257756}"
EndProject
Project("{FAE04EC0-301F-11D3-BF4B-00C04F79EFBC}") = "Application.Main", "Application.Main\Application.Main.csproj", "{A849860C-B7AE-462F-A493-06E88BF8DAD9}"
EndProject
Project("{FAE04EC0-301F-11D3-BF4B-00C04F79EFBC}") = "Application.Interface", "Application.Interface\Application.Interface.csproj", "{C56A694D-FFBE-4177-9A52-11D8591812FE}"
EndProject
Project("{FAE04EC0-301F-11D3-BF4B-00C04F79EFBC}") = "AgenciaAutomoviles", "AgenciaAutomoviles\AgenciaAutomoviles.csproj", "{02DBF017-CE02-4C0A-9445-93001726ADA9}"
	ProjectSection(ProjectDependencies) = postProject
		{21D38707-7E25-4E20-A669-50C44EF6A13D} = {21D38707-7E25-4E20-A669-50C44EF6A13D}
		{26E94968-80A1-4B1F-BC2B-C8FDC855F228} = {26E94968-80A1-4B1F-BC2B-C8FDC855F228}
		{5B8BFD77-2296-4BB1-89A6-B2180D54747A} = {5B8BFD77-2296-4BB1-89A6-B2180D54747A}
		{8A666C35-D024-485F-B14C-BA9B903AAB66} = {8A666C35-D024-485F-B14C-BA9B903AAB66}
		{A849860C-B7AE-462F-A493-06E88BF8DAD9} = {A849860C-B7AE-462F-A493-06E88BF8DAD9}
		{B06FE4D6-785C-46B4-B009-6D514F474909} = {B06FE4D6-785C-46B4-B009-6D514F474909}
	EndProjectSection
EndProject
Project("{FAE04EC0-301F-11D3-BF4B-00C04F79EFBC}") = "Data.Agencia", "Data.Agencia\Data.Agencia.csproj", "{5B8BFD77-2296-4BB1-89A6-B2180D54747A}"
EndProject
Project("{FAE04EC0-301F-11D3-BF4B-00C04F79EFBC}") = "Data.AgenciaDTO", "Data.AgenciaDTO\Data.AgenciaDTO.csproj", "{0B391DB9-5B1C-4DB2-B30F-981C3BBE2804}"
EndProject
Project("{FAE04EC0-301F-11D3-BF4B-00C04F79EFBC}") = "Pattern.Repository", "Pattern.Repository\Pattern.Repository.csproj", "{B06FE4D6-785C-46B4-B009-6D514F474909}"
EndProject
Project("{FAE04EC0-301F-11D3-BF4B-00C04F79EFBC}") = "Pattern.UnitOfWork", "Pattern.UnitOfWork\Pattern.UnitOfWork.csproj", "{8A666C35-D024-485F-B14C-BA9B903AAB66}"
EndProject
Project("{FAE04EC0-301F-11D3-BF4B-00C04F79EFBC}") = "Transversal.Common", "Transversal.Common\Transversal.Common.csproj", "{0A0DC2FD-ECE4-4916-8381-7F42D9CAB79C}"
EndProject
Project("{FAE04EC0-301F-11D3-BF4B-00C04F79EFBC}") = "Transversal.Logging", "Transversal.Logging\Transversal.Logging.csproj", "{26E94968-80A1-4B1F-BC2B-C8FDC855F228}"
EndProject
Project("{FAE04EC0-301F-11D3-BF4B-00C04F79EFBC}") = "Transversal.Mapper", "Transversal.Mapper\Transversal.Mapper.csproj", "{21D38707-7E25-4E20-A669-50C44EF6A13D}"
EndProject
Global
	GlobalSection(SolutionConfigurationPlatforms) = preSolution
		Debug|Any CPU = Debug|Any CPU
		Release|Any CPU = Release|Any CPU
	EndGlobalSection
	GlobalSection(ProjectConfigurationPlatforms) = postSolution
		{A849860C-B7AE-462F-A493-06E88BF8DAD9}.Debug|Any CPU.ActiveCfg = Debug|Any CPU
		{A849860C-B7AE-462F-A493-06E88BF8DAD9}.Debug|Any CPU.Build.0 = Debug|Any CPU
		{A849860C-B7AE-462F-A493-06E88BF8DAD9}.Release|Any CPU.ActiveCfg = Release|Any CPU
		{A849860C-B7AE-462F-A493-06E88BF8DAD9}.Release|Any CPU.Build.0 = Release|Any CPU
		{C56A694D-FFBE-4177-9A52-11D8591812FE}.Debug|Any CPU.ActiveCfg = Debug|Any CPU
		{C56A694D-FFBE-4177-9A52-11D8591812FE}.Debug|Any CPU.Build.0 = Debug|Any CPU
		{C56A694D-FFBE-4177-9A52-11D8591812FE}.Release|Any CPU.ActiveCfg = Release|Any CPU
		{C56A694D-FFBE-4177-9A52-11D8591812FE}.Release|Any CPU.Build.0 = Release|Any CPU
		{02DBF017-CE02-4C0A-9445-93001726ADA9}.Debug|Any CPU.ActiveCfg = Debug|Any CPU
		{02DBF017-CE02-4C0A-9445-93001726ADA9}.Debug|Any CPU.Build.0 = Debug|Any CPU
		{02DBF017-CE02-4C0A-9445-93001726ADA9}.Release|Any CPU.ActiveCfg = Release|Any CPU
		{02DBF017-CE02-4C0A-9445-93001726ADA9}.Release|Any CPU.Build.0 = Release|Any CPU
		{5B8BFD77-2296-4BB1-89A6-B2180D54747A}.Debug|Any CPU.ActiveCfg = Debug|Any CPU
		{5B8BFD77-2296-4BB1-89A6-B2180D54747A}.Debug|Any CPU.Build.0 = Debug|Any CPU
		{5B8BFD77-2296-4BB1-89A6-B2180D54747A}.Release|Any CPU.ActiveCfg = Release|Any CPU
		{5B8BFD77-2296-4BB1-89A6-B2180D54747A}.Release|Any CPU.Build.0 = Release|Any CPU
		{0B391DB9-5B1C-4DB2-B30F-981C3BBE2804}.Debug|Any CPU.ActiveCfg = Debug|Any CPU
		{0B391DB9-5B1C-4DB2-B30F-981C3BBE2804}.Debug|Any CPU.Build.0 = Debug|Any CPU
		{0B391DB9-5B1C-4DB2-B30F-981C3BBE2804}.Release|Any CPU.ActiveCfg = Release|Any CPU
		{0B391DB9-5B1C-4DB2-B30F-981C3BBE2804}.Release|Any CPU.Build.0 = Release|Any CPU
		{B06FE4D6-785C-46B4-B009-6D514F474909}.Debug|Any CPU.ActiveCfg = Debug|Any CPU
		{B06FE4D6-785C-46B4-B009-6D514F474909}.Debug|Any CPU.Build.0 = Debug|Any CPU
		{B06FE4D6-785C-46B4-B009-6D514F474909}.Release|Any CPU.ActiveCfg = Release|Any CPU
		{B06FE4D6-785C-46B4-B009-6D514F474909}.Release|Any CPU.Build.0 = Release|Any CPU
		{8A666C35-D024-485F-B14C-BA9B903AAB66}.Debug|Any CPU.ActiveCfg = Debug|Any CPU
		{8A666C35-D024-485F-B14C-BA9B903AAB66}.Debug|Any CPU.Build.0 = Debug|Any CPU
		{8A666C35-D024-485F-B14C-BA9B903AAB66}.Release|Any CPU.ActiveCfg = Release|Any CPU
		{8A666C35-D024-485F-B14C-BA9B903AAB66}.Release|Any CPU.Build.0 = Release|Any CPU
		{0A0DC2FD-ECE4-4916-8381-7F42D9CAB79C}.Debug|Any CPU.ActiveCfg = Debug|Any CPU
		{0A0DC2FD-ECE4-4916-8381-7F42D9CAB79C}.Debug|Any CPU.Build.0 = Debug|Any CPU
		{0A0DC2FD-ECE4-4916-8381-7F42D9CAB79C}.Release|Any CPU.ActiveCfg = Release|Any CPU
		{0A0DC2FD-ECE4-4916-8381-7F42D9CAB79C}.Release|Any CPU.Build.0 = Release|Any CPU
		{26E94968-80A1-4B1F-BC2B-C8FDC855F228}.Debug|Any CPU.ActiveCfg = Debug|Any CPU
		{26E94968-80A1-4B1F-BC2B-C8FDC855F228}.Debug|Any CPU.Build.0 = Debug|Any CPU
		{26E94968-80A1-4B1F-BC2B-C8FDC855F228}.Release|Any CPU.ActiveCfg = Release|Any CPU
		{26E94968-80A1-4B1F-BC2B-C8FDC855F228}.Release|Any CPU.Build.0 = Release|Any CPU
		{21D38707-7E25-4E20-A669-50C44EF6A13D}.Debug|Any CPU.ActiveCfg = Debug|Any CPU
		{21D38707-7E25-4E20-A669-50C44EF6A13D}.Debug|Any CPU.Build.0 = Debug|Any CPU
		{21D38707-7E25-4E20-A669-50C44EF6A13D}.Release|Any CPU.ActiveCfg = Release|Any CPU
		{21D38707-7E25-4E20-A669-50C44EF6A13D}.Release|Any CPU.Build.0 = Release|Any CPU
	EndGlobalSection
	GlobalSection(SolutionProperties) = preSolution
		HideSolutionNode = FALSE
	EndGlobalSection
	GlobalSection(NestedProjects) = preSolution
		{A849860C-B7AE-462F-A493-06E88BF8DAD9} = {E2768893-F252-41C4-90DF-FCAB401ADA53}
		{C56A694D-FFBE-4177-9A52-11D8591812FE} = {E2768893-F252-41C4-90DF-FCAB401ADA53}
		{5B8BFD77-2296-4BB1-89A6-B2180D54747A} = {99794309-A8B3-496B-8EE6-95F489AE990D}
		{0B391DB9-5B1C-4DB2-B30F-981C3BBE2804} = {99794309-A8B3-496B-8EE6-95F489AE990D}
		{B06FE4D6-785C-46B4-B009-6D514F474909} = {32BFDC52-BC65-4207-A5B4-DE3894C82590}
		{8A666C35-D024-485F-B14C-BA9B903AAB66} = {32BFDC52-BC65-4207-A5B4-DE3894C82590}
		{0A0DC2FD-ECE4-4916-8381-7F42D9CAB79C} = {7D772BBD-B2CE-4013-96C9-D28B3E257756}
		{26E94968-80A1-4B1F-BC2B-C8FDC855F228} = {7D772BBD-B2CE-4013-96C9-D28B3E257756}
		{21D38707-7E25-4E20-A669-50C44EF6A13D} = {7D772BBD-B2CE-4013-96C9-D28B3E257756}
	EndGlobalSection
	GlobalSection(ExtensibilityGlobals) = postSolution
		SolutionGuid = {87A38E30-EBBC-4B4D-903D-4950B59A7A31}
	EndGlobalSection
EndGlobal
